
Microsoft Visual Studio Solution File, Format Version 12.00
# Visual Studio Version 17
VisualStudioVersion = 17.5.33502.453
MinimumVisualStudioVersion = 10.0.40219.1
Project("{9A19103F-16F7-4668-BE54-9A1E7A4F7556}") = "DesSistemas.SnackNow.Api", "DesSistemas.SnackNow.Api\DesSistemas.SnackNow.Api.csproj", "{475B10DC-9D46-4ECE-A3E1-C630103ACA1B}"
EndProject
Project("{9A19103F-16F7-4668-BE54-9A1E7A4F7556}") = "DesSistemas.SnackNow.Startup", "DesSistemas.SnackNow.Startup\DesSistemas.SnackNow.Startup.csproj", "{D2D4B138-F8C2-436C-8F7D-AB8D0B68E1BC}"
EndProject
Project("{9A19103F-16F7-4668-BE54-9A1E7A4F7556}") = "DesSistemas.SnackNow.Twillo", "DesSistemas.SnackNow.Twillo\DesSistemas.SnackNow.Twillo.csproj", "{2ED5C4CD-D29D-4841-AB75-92D1E780E573}"
EndProject
Project("{9A19103F-16F7-4668-BE54-9A1E7A4F7556}") = "DesSistemas.SnackNow.MessengerApi", "DesSistemas.SnackNow.MessengerApi\DesSistemas.SnackNow.MessengerApi.csproj", "{09FE11D6-3D7C-40B2-B14E-D93D6B05B5E3}"
EndProject
Project("{FAE04EC0-301F-11D3-BF4B-00C04F79EFBC}") = "DesSistemas.SnackNow.RecaptchaHelper", "DesSistemas.SnackNow.RecaptchaHelper\DesSistemas.SnackNow.RecaptchaHelper.csproj", "{F89D699A-4274-4DF2-853E-9BBB28CADA4B}"
EndProject
Global
	GlobalSection(SolutionConfigurationPlatforms) = preSolution
		Debug|Any CPU = Debug|Any CPU
		Release|Any CPU = Release|Any CPU
	EndGlobalSection
	GlobalSection(ProjectConfigurationPlatforms) = postSolution
		{475B10DC-9D46-4ECE-A3E1-C630103ACA1B}.Debug|Any CPU.ActiveCfg = Debug|Any CPU
		{475B10DC-9D46-4ECE-A3E1-C630103ACA1B}.Debug|Any CPU.Build.0 = Debug|Any CPU
		{475B10DC-9D46-4ECE-A3E1-C630103ACA1B}.Release|Any CPU.ActiveCfg = Release|Any CPU
		{475B10DC-9D46-4ECE-A3E1-C630103ACA1B}.Release|Any CPU.Build.0 = Release|Any CPU
		{D2D4B138-F8C2-436C-8F7D-AB8D0B68E1BC}.Debug|Any CPU.ActiveCfg = Debug|Any CPU
		{D2D4B138-F8C2-436C-8F7D-AB8D0B68E1BC}.Debug|Any CPU.Build.0 = Debug|Any CPU
		{D2D4B138-F8C2-436C-8F7D-AB8D0B68E1BC}.Release|Any CPU.ActiveCfg = Release|Any CPU
		{D2D4B138-F8C2-436C-8F7D-AB8D0B68E1BC}.Release|Any CPU.Build.0 = Release|Any CPU
		{2ED5C4CD-D29D-4841-AB75-92D1E780E573}.Debug|Any CPU.ActiveCfg = Debug|Any CPU
		{2ED5C4CD-D29D-4841-AB75-92D1E780E573}.Debug|Any CPU.Build.0 = Debug|Any CPU
		{2ED5C4CD-D29D-4841-AB75-92D1E780E573}.Release|Any CPU.ActiveCfg = Release|Any CPU
		{2ED5C4CD-D29D-4841-AB75-92D1E780E573}.Release|Any CPU.Build.0 = Release|Any CPU
		{09FE11D6-3D7C-40B2-B14E-D93D6B05B5E3}.Debug|Any CPU.ActiveCfg = Debug|Any CPU
		{09FE11D6-3D7C-40B2-B14E-D93D6B05B5E3}.Debug|Any CPU.Build.0 = Debug|Any CPU
		{09FE11D6-3D7C-40B2-B14E-D93D6B05B5E3}.Release|Any CPU.ActiveCfg = Release|Any CPU
		{09FE11D6-3D7C-40B2-B14E-D93D6B05B5E3}.Release|Any CPU.Build.0 = Release|Any CPU
		{F89D699A-4274-4DF2-853E-9BBB28CADA4B}.Debug|Any CPU.ActiveCfg = Debug|Any CPU
		{F89D699A-4274-4DF2-853E-9BBB28CADA4B}.Debug|Any CPU.Build.0 = Debug|Any CPU
		{F89D699A-4274-4DF2-853E-9BBB28CADA4B}.Release|Any CPU.ActiveCfg = Release|Any CPU
		{F89D699A-4274-4DF2-853E-9BBB28CADA4B}.Release|Any CPU.Build.0 = Release|Any CPU
	EndGlobalSection
	GlobalSection(SolutionProperties) = preSolution
		HideSolutionNode = FALSE
	EndGlobalSection
	GlobalSection(ExtensibilityGlobals) = postSolution
		SolutionGuid = {E7F601D2-6C02-486D-9C1F-D8498BCC1DC8}
	EndGlobalSection
EndGlobal
